
Microsoft Visual Studio Solution File, Format Version 12.00
# Visual Studio Version 17
VisualStudioVersion = 17.1.32210.238
MinimumVisualStudioVersion = 10.0.40219.1
Project("{FAE04EC0-301F-11D3-BF4B-00C04F79EFBC}") = "Calculator-UI", "Calculator-UI\Calculator-UI.csproj", "{423450DB-D8E5-4505-8F96-5D6FF360E372}"
EndProject
Global
	GlobalSection(SolutionConfigurationPlatforms) = preSolution
		Debug|Any CPU = Debug|Any CPU
		Release|Any CPU = Release|Any CPU
	EndGlobalSection
	GlobalSection(ProjectConfigurationPlatforms) = postSolution
		{423450DB-D8E5-4505-8F96-5D6FF360E372}.Debug|Any CPU.ActiveCfg = Debug|Any CPU
		{423450DB-D8E5-4505-8F96-5D6FF360E372}.Debug|Any CPU.Build.0 = Debug|Any CPU
		{423450DB-D8E5-4505-8F96-5D6FF360E372}.Release|Any CPU.ActiveCfg = Release|Any CPU
		{423450DB-D8E5-4505-8F96-5D6FF360E372}.Release|Any CPU.Build.0 = Release|Any CPU
	EndGlobalSection
	GlobalSection(SolutionProperties) = preSolution
		HideSolutionNode = FALSE
	EndGlobalSection
	GlobalSection(ExtensibilityGlobals) = postSolution
		SolutionGuid = {2C6681BE-5EDB-4387-8608-CEDB3AC9B00B}
	EndGlobalSection
EndGlobal
